
Microsoft Visual Studio Solution File, Format Version 12.00
# Visual Studio Version 16
VisualStudioVersion = 16.0.29020.237
MinimumVisualStudioVersion = 10.0.40219.1
Project("{FAE04EC0-301F-11D3-BF4B-00C04F79EFBC}") = "MailSender", "MailSender\MailSender.csproj", "{63301150-AAB3-4D59-B6A8-C242B7CE9BB7}"
EndProject
Project("{FAE04EC0-301F-11D3-BF4B-00C04F79EFBC}") = "MailSender.Lib", "MailSender.Lib\MailSender.Lib.csproj", "{81657F77-D7C4-45AD-9A79-86D77F502622}"
EndProject
Project("{2150E333-8FDC-42A3-9474-1A3956D46DE8}") = "Tests", "Tests", "{2EF583D7-DF0C-4206-B19A-231D13457846}"
EndProject
Project("{FAE04EC0-301F-11D3-BF4B-00C04F79EFBC}") = "TestConsole", "Tests\TestConsole\TestConsole.csproj", "{2F9757D2-E048-4BB2-8D75-1D565BA48C07}"
EndProject
Project("{FAE04EC0-301F-11D3-BF4B-00C04F79EFBC}") = "ListViewItemScheduler", "ListViewItemScheduler\ListViewItemScheduler.csproj", "{97DF7CE8-127B-48D7-8B4B-BB97CD75C6A3}"
EndProject
Project("{FAE04EC0-301F-11D3-BF4B-00C04F79EFBC}") = "MailSender.lib.Tests", "MailSender.lib.Tests\MailSender.lib.Tests.csproj", "{7B4F337F-5C9A-4CC9-8F47-4FCA7748A0A5}"
EndProject
Project("{FAE04EC0-301F-11D3-BF4B-00C04F79EFBC}") = "TicketsSelling", "TicketsSelling\TicketsSelling.csproj", "{6036EB00-CFEF-4319-AC19-E7C345754284}"
EndProject
Global
	GlobalSection(SolutionConfigurationPlatforms) = preSolution
		Debug|Any CPU = Debug|Any CPU
		Release|Any CPU = Release|Any CPU
	EndGlobalSection
	GlobalSection(ProjectConfigurationPlatforms) = postSolution
		{63301150-AAB3-4D59-B6A8-C242B7CE9BB7}.Debug|Any CPU.ActiveCfg = Debug|Any CPU
		{63301150-AAB3-4D59-B6A8-C242B7CE9BB7}.Debug|Any CPU.Build.0 = Debug|Any CPU
		{63301150-AAB3-4D59-B6A8-C242B7CE9BB7}.Release|Any CPU.ActiveCfg = Release|Any CPU
		{63301150-AAB3-4D59-B6A8-C242B7CE9BB7}.Release|Any CPU.Build.0 = Release|Any CPU
		{81657F77-D7C4-45AD-9A79-86D77F502622}.Debug|Any CPU.ActiveCfg = Debug|Any CPU
		{81657F77-D7C4-45AD-9A79-86D77F502622}.Debug|Any CPU.Build.0 = Debug|Any CPU
		{81657F77-D7C4-45AD-9A79-86D77F502622}.Release|Any CPU.ActiveCfg = Release|Any CPU
		{81657F77-D7C4-45AD-9A79-86D77F502622}.Release|Any CPU.Build.0 = Release|Any CPU
		{2F9757D2-E048-4BB2-8D75-1D565BA48C07}.Debug|Any CPU.ActiveCfg = Debug|Any CPU
		{2F9757D2-E048-4BB2-8D75-1D565BA48C07}.Debug|Any CPU.Build.0 = Debug|Any CPU
		{2F9757D2-E048-4BB2-8D75-1D565BA48C07}.Release|Any CPU.ActiveCfg = Release|Any CPU
		{2F9757D2-E048-4BB2-8D75-1D565BA48C07}.Release|Any CPU.Build.0 = Release|Any CPU
		{97DF7CE8-127B-48D7-8B4B-BB97CD75C6A3}.Debug|Any CPU.ActiveCfg = Debug|Any CPU
		{97DF7CE8-127B-48D7-8B4B-BB97CD75C6A3}.Debug|Any CPU.Build.0 = Debug|Any CPU
		{97DF7CE8-127B-48D7-8B4B-BB97CD75C6A3}.Release|Any CPU.ActiveCfg = Release|Any CPU
		{97DF7CE8-127B-48D7-8B4B-BB97CD75C6A3}.Release|Any CPU.Build.0 = Release|Any CPU
		{7B4F337F-5C9A-4CC9-8F47-4FCA7748A0A5}.Debug|Any CPU.ActiveCfg = Debug|Any CPU
		{7B4F337F-5C9A-4CC9-8F47-4FCA7748A0A5}.Debug|Any CPU.Build.0 = Debug|Any CPU
		{7B4F337F-5C9A-4CC9-8F47-4FCA7748A0A5}.Release|Any CPU.ActiveCfg = Release|Any CPU
		{7B4F337F-5C9A-4CC9-8F47-4FCA7748A0A5}.Release|Any CPU.Build.0 = Release|Any CPU
		{6036EB00-CFEF-4319-AC19-E7C345754284}.Debug|Any CPU.ActiveCfg = Debug|Any CPU
		{6036EB00-CFEF-4319-AC19-E7C345754284}.Debug|Any CPU.Build.0 = Debug|Any CPU
		{6036EB00-CFEF-4319-AC19-E7C345754284}.Release|Any CPU.ActiveCfg = Release|Any CPU
		{6036EB00-CFEF-4319-AC19-E7C345754284}.Release|Any CPU.Build.0 = Release|Any CPU
	EndGlobalSection
	GlobalSection(SolutionProperties) = preSolution
		HideSolutionNode = FALSE
	EndGlobalSection
	GlobalSection(NestedProjects) = preSolution
		{2F9757D2-E048-4BB2-8D75-1D565BA48C07} = {2EF583D7-DF0C-4206-B19A-231D13457846}
		{7B4F337F-5C9A-4CC9-8F47-4FCA7748A0A5} = {2EF583D7-DF0C-4206-B19A-231D13457846}
		{6036EB00-CFEF-4319-AC19-E7C345754284} = {2EF583D7-DF0C-4206-B19A-231D13457846}
	EndGlobalSection
	GlobalSection(ExtensibilityGlobals) = postSolution
		SolutionGuid = {1DC82118-DE10-489F-B0A4-AFCA26D7E41B}
	EndGlobalSection
EndGlobal
